
Microsoft Visual Studio Solution File, Format Version 12.00
# Visual Studio Version 16
VisualStudioVersion = 16.0.30907.101
MinimumVisualStudioVersion = 10.0.40219.1
Project("{F184B08F-C81C-45F6-A57F-5ABD9991F28F}") = "Product Breakdown", "Product Breakdown.vbproj", "{77A3BECE-B849-44EB-88A5-311F62B232D5}"
	ProjectSection(ProjectDependencies) = postProject
		{7EA1F21A-1350-4131-BF16-E8C9EA8C1328} = {7EA1F21A-1350-4131-BF16-E8C9EA8C1328}
	EndProjectSection
EndProject
Project("{F184B08F-C81C-45F6-A57F-5ABD9991F28F}") = "Terrace Welder Production Tracker", "..\Terrace Welder Production Tracker\Terrace Welder Production Tracker.vbproj", "{CBA282C9-68E5-4332-B7AA-C670719CB368}"
EndProject
Project("{F184B08F-C81C-45F6-A57F-5ABD9991F28F}") = "RequiredProductionClasses", "..\RequiredProductionClasses\RequiredProductionClasses.vbproj", "{7EA1F21A-1350-4131-BF16-E8C9EA8C1328}"
EndProject
Project("{F184B08F-C81C-45F6-A57F-5ABD9991F28F}") = "Supervisor", "..\Supervisor\Supervisor.vbproj", "{250D8584-F257-425B-82D7-0D2F8B7B888C}"
	ProjectSection(ProjectDependencies) = postProject
		{7EA1F21A-1350-4131-BF16-E8C9EA8C1328} = {7EA1F21A-1350-4131-BF16-E8C9EA8C1328}
	EndProjectSection
EndProject
Project("{F184B08F-C81C-45F6-A57F-5ABD9991F28F}") = "Foreman", "..\Foreman\Foreman.vbproj", "{C7135207-1DA3-4778-AC10-E63158A259D3}"
	ProjectSection(ProjectDependencies) = postProject
		{7EA1F21A-1350-4131-BF16-E8C9EA8C1328} = {7EA1F21A-1350-4131-BF16-E8C9EA8C1328}
	EndProjectSection
EndProject
Project("{F184B08F-C81C-45F6-A57F-5ABD9991F28F}") = "Automated Data Solutions", "..\Automated Data Solutions\Automated Data Solutions.vbproj", "{E56243FE-ACA4-4D02-A666-2B5A39D81167}"
EndProject
Global
	GlobalSection(SolutionConfigurationPlatforms) = preSolution
		Debug|Any CPU = Debug|Any CPU
		Release|Any CPU = Release|Any CPU
	EndGlobalSection
	GlobalSection(ProjectConfigurationPlatforms) = postSolution
		{77A3BECE-B849-44EB-88A5-311F62B232D5}.Debug|Any CPU.ActiveCfg = Debug|Any CPU
		{77A3BECE-B849-44EB-88A5-311F62B232D5}.Debug|Any CPU.Build.0 = Debug|Any CPU
		{77A3BECE-B849-44EB-88A5-311F62B232D5}.Release|Any CPU.ActiveCfg = Release|Any CPU
		{77A3BECE-B849-44EB-88A5-311F62B232D5}.Release|Any CPU.Build.0 = Release|Any CPU
		{CBA282C9-68E5-4332-B7AA-C670719CB368}.Debug|Any CPU.ActiveCfg = Debug|Any CPU
		{CBA282C9-68E5-4332-B7AA-C670719CB368}.Debug|Any CPU.Build.0 = Debug|Any CPU
		{CBA282C9-68E5-4332-B7AA-C670719CB368}.Release|Any CPU.ActiveCfg = Release|Any CPU
		{CBA282C9-68E5-4332-B7AA-C670719CB368}.Release|Any CPU.Build.0 = Release|Any CPU
		{7EA1F21A-1350-4131-BF16-E8C9EA8C1328}.Debug|Any CPU.ActiveCfg = Debug|Any CPU
		{7EA1F21A-1350-4131-BF16-E8C9EA8C1328}.Debug|Any CPU.Build.0 = Debug|Any CPU
		{7EA1F21A-1350-4131-BF16-E8C9EA8C1328}.Release|Any CPU.ActiveCfg = Release|Any CPU
		{7EA1F21A-1350-4131-BF16-E8C9EA8C1328}.Release|Any CPU.Build.0 = Release|Any CPU
		{250D8584-F257-425B-82D7-0D2F8B7B888C}.Debug|Any CPU.ActiveCfg = Debug|Any CPU
		{250D8584-F257-425B-82D7-0D2F8B7B888C}.Debug|Any CPU.Build.0 = Debug|Any CPU
		{250D8584-F257-425B-82D7-0D2F8B7B888C}.Release|Any CPU.ActiveCfg = Release|Any CPU
		{250D8584-F257-425B-82D7-0D2F8B7B888C}.Release|Any CPU.Build.0 = Release|Any CPU
		{C7135207-1DA3-4778-AC10-E63158A259D3}.Debug|Any CPU.ActiveCfg = Debug|Any CPU
		{C7135207-1DA3-4778-AC10-E63158A259D3}.Debug|Any CPU.Build.0 = Debug|Any CPU
		{C7135207-1DA3-4778-AC10-E63158A259D3}.Release|Any CPU.ActiveCfg = Release|Any CPU
		{C7135207-1DA3-4778-AC10-E63158A259D3}.Release|Any CPU.Build.0 = Release|Any CPU
		{E56243FE-ACA4-4D02-A666-2B5A39D81167}.Debug|Any CPU.ActiveCfg = Debug|Any CPU
		{E56243FE-ACA4-4D02-A666-2B5A39D81167}.Debug|Any CPU.Build.0 = Debug|Any CPU
		{E56243FE-ACA4-4D02-A666-2B5A39D81167}.Release|Any CPU.ActiveCfg = Release|Any CPU
		{E56243FE-ACA4-4D02-A666-2B5A39D81167}.Release|Any CPU.Build.0 = Release|Any CPU
	EndGlobalSection
	GlobalSection(SolutionProperties) = preSolution
		HideSolutionNode = FALSE
	EndGlobalSection
	GlobalSection(ExtensibilityGlobals) = postSolution
		SolutionGuid = {87A83453-B6B5-4000-84E0-E91FCC102ED9}
	EndGlobalSection
EndGlobal
